
Microsoft Visual Studio Solution File, Format Version 12.00
# Visual Studio Version 17
VisualStudioVersion = 17.3.32825.248
MinimumVisualStudioVersion = 10.0.40219.1
Project("{FAE04EC0-301F-11D3-BF4B-00C04F79EFBC}") = "Proba2", "Proba2\Proba2.csproj", "{B52E58A1-AEAA-417F-8DD1-5F574BCBDA28}"
EndProject
Global
	GlobalSection(SolutionConfigurationPlatforms) = preSolution
		Debug|Any CPU = Debug|Any CPU
		Release|Any CPU = Release|Any CPU
	EndGlobalSection
	GlobalSection(ProjectConfigurationPlatforms) = postSolution
		{B52E58A1-AEAA-417F-8DD1-5F574BCBDA28}.Debug|Any CPU.ActiveCfg = Debug|Any CPU
		{B52E58A1-AEAA-417F-8DD1-5F574BCBDA28}.Debug|Any CPU.Build.0 = Debug|Any CPU
		{B52E58A1-AEAA-417F-8DD1-5F574BCBDA28}.Release|Any CPU.ActiveCfg = Release|Any CPU
		{B52E58A1-AEAA-417F-8DD1-5F574BCBDA28}.Release|Any CPU.Build.0 = Release|Any CPU
	EndGlobalSection
	GlobalSection(SolutionProperties) = preSolution
		HideSolutionNode = FALSE
	EndGlobalSection
	GlobalSection(ExtensibilityGlobals) = postSolution
		SolutionGuid = {0617F088-61BE-40F5-8073-C08B009DF255}
	EndGlobalSection
EndGlobal
